
Microsoft Visual Studio Solution File, Format Version 12.00
# Visual Studio Version 16
VisualStudioVersion = 16.0.31320.298
MinimumVisualStudioVersion = 10.0.40219.1
Project("{FAE04EC0-301F-11D3-BF4B-00C04F79EFBC}") = "StringMaker_Burya", "StringMaker_Burya.csproj", "{1988F4D0-A075-45DE-916E-C71D3FD3E84E}"
EndProject
Global
	GlobalSection(SolutionConfigurationPlatforms) = preSolution
		Debug|Any CPU = Debug|Any CPU
		Release|Any CPU = Release|Any CPU
	EndGlobalSection
	GlobalSection(ProjectConfigurationPlatforms) = postSolution
		{1988F4D0-A075-45DE-916E-C71D3FD3E84E}.Debug|Any CPU.ActiveCfg = Debug|Any CPU
		{1988F4D0-A075-45DE-916E-C71D3FD3E84E}.Debug|Any CPU.Build.0 = Debug|Any CPU
		{1988F4D0-A075-45DE-916E-C71D3FD3E84E}.Release|Any CPU.ActiveCfg = Release|Any CPU
		{1988F4D0-A075-45DE-916E-C71D3FD3E84E}.Release|Any CPU.Build.0 = Release|Any CPU
	EndGlobalSection
	GlobalSection(SolutionProperties) = preSolution
		HideSolutionNode = FALSE
	EndGlobalSection
	GlobalSection(ExtensibilityGlobals) = postSolution
		SolutionGuid = {1780BA5D-91AB-4883-9D70-BAB55BB2A530}
	EndGlobalSection
EndGlobal
